
Microsoft Visual Studio Solution File, Format Version 12.00
# Visual Studio Version 16
VisualStudioVersion = 16.0.31702.278
MinimumVisualStudioVersion = 10.0.40219.1
Project("{8BC9CEB8-8B4A-11D0-8D11-00A0C91BC942}") = "ConsoleApplication2", "ConsoleApplication2\ConsoleApplication2.vcxproj", "{7BB4441F-8C1F-4AAC-AEFD-6A3010A071AA}"
EndProject
Global
	GlobalSection(SolutionConfigurationPlatforms) = preSolution
		Debug|x64 = Debug|x64
		Debug|x86 = Debug|x86
		Release|x64 = Release|x64
		Release|x86 = Release|x86
	EndGlobalSection
	GlobalSection(ProjectConfigurationPlatforms) = postSolution
		{7BB4441F-8C1F-4AAC-AEFD-6A3010A071AA}.Debug|x64.ActiveCfg = Debug|x64
		{7BB4441F-8C1F-4AAC-AEFD-6A3010A071AA}.Debug|x64.Build.0 = Debug|x64
		{7BB4441F-8C1F-4AAC-AEFD-6A3010A071AA}.Debug|x86.ActiveCfg = Debug|Win32
		{7BB4441F-8C1F-4AAC-AEFD-6A3010A071AA}.Debug|x86.Build.0 = Debug|Win32
		{7BB4441F-8C1F-4AAC-AEFD-6A3010A071AA}.Release|x64.ActiveCfg = Release|x64
		{7BB4441F-8C1F-4AAC-AEFD-6A3010A071AA}.Release|x64.Build.0 = Release|x64
		{7BB4441F-8C1F-4AAC-AEFD-6A3010A071AA}.Release|x86.ActiveCfg = Release|Win32
		{7BB4441F-8C1F-4AAC-AEFD-6A3010A071AA}.Release|x86.Build.0 = Release|Win32
	EndGlobalSection
	GlobalSection(SolutionProperties) = preSolution
		HideSolutionNode = FALSE
	EndGlobalSection
	GlobalSection(ExtensibilityGlobals) = postSolution
		SolutionGuid = {35F9F207-0DD2-42B1-8A4B-5917059AD75D}
	EndGlobalSection
EndGlobal
