
Microsoft Visual Studio Solution File, Format Version 12.00
# Visual Studio Version 16
VisualStudioVersion = 16.0.31729.503
MinimumVisualStudioVersion = 10.0.40219.1
Project("{8BC9CEB8-8B4A-11D0-8D11-00A0C91BC942}") = "ConsoleApplication1", "ConsoleApplication1\ConsoleApplication1.vcxproj", "{D4F83105-45E2-40CA-8C24-47D8B983152D}"
EndProject
Global
	GlobalSection(SolutionConfigurationPlatforms) = preSolution
		Debug|x64 = Debug|x64
		Debug|x86 = Debug|x86
		Release|x64 = Release|x64
		Release|x86 = Release|x86
	EndGlobalSection
	GlobalSection(ProjectConfigurationPlatforms) = postSolution
		{D4F83105-45E2-40CA-8C24-47D8B983152D}.Debug|x64.ActiveCfg = Debug|x64
		{D4F83105-45E2-40CA-8C24-47D8B983152D}.Debug|x64.Build.0 = Debug|x64
		{D4F83105-45E2-40CA-8C24-47D8B983152D}.Debug|x86.ActiveCfg = Debug|Win32
		{D4F83105-45E2-40CA-8C24-47D8B983152D}.Debug|x86.Build.0 = Debug|Win32
		{D4F83105-45E2-40CA-8C24-47D8B983152D}.Release|x64.ActiveCfg = Release|x64
		{D4F83105-45E2-40CA-8C24-47D8B983152D}.Release|x64.Build.0 = Release|x64
		{D4F83105-45E2-40CA-8C24-47D8B983152D}.Release|x86.ActiveCfg = Release|Win32
		{D4F83105-45E2-40CA-8C24-47D8B983152D}.Release|x86.Build.0 = Release|Win32
	EndGlobalSection
	GlobalSection(SolutionProperties) = preSolution
		HideSolutionNode = FALSE
	EndGlobalSection
	GlobalSection(ExtensibilityGlobals) = postSolution
		SolutionGuid = {E9820911-C38B-4127-B7AD-9EA1AC9F78D8}
	EndGlobalSection
EndGlobal
